
Microsoft Visual Studio Solution File, Format Version 12.00
# Visual Studio 15
VisualStudioVersion = 15.0.28010.2048
MinimumVisualStudioVersion = 10.0.40219.1
Project("{FAE04EC0-301F-11D3-BF4B-00C04F79EFBC}") = "kidzania", "kidzania\kidzania.csproj", "{1602267E-63FA-4D76-854A-AEE70502F579}"
EndProject
Global
	GlobalSection(SolutionConfigurationPlatforms) = preSolution
		Debug|Any CPU = Debug|Any CPU
		Release|Any CPU = Release|Any CPU
	EndGlobalSection
	GlobalSection(ProjectConfigurationPlatforms) = postSolution
		{1602267E-63FA-4D76-854A-AEE70502F579}.Debug|Any CPU.ActiveCfg = Debug|Any CPU
		{1602267E-63FA-4D76-854A-AEE70502F579}.Debug|Any CPU.Build.0 = Debug|Any CPU
		{1602267E-63FA-4D76-854A-AEE70502F579}.Release|Any CPU.ActiveCfg = Release|Any CPU
		{1602267E-63FA-4D76-854A-AEE70502F579}.Release|Any CPU.Build.0 = Release|Any CPU
	EndGlobalSection
	GlobalSection(SolutionProperties) = preSolution
		HideSolutionNode = FALSE
	EndGlobalSection
	GlobalSection(ExtensibilityGlobals) = postSolution
		SolutionGuid = {D1ACAEFA-659C-44A6-AE64-7D25E9DBDF10}
	EndGlobalSection
EndGlobal
